// !$*UTF8*$!
{
	archiveVersion = 1;
	classes = {
	};
	objectVersion = 46;
	objects = {

/* Begin PBXBuildFile section */
		CD10B35913B73FEA00901780 /* NSTimer+block.m in Sources */ = {isa = PBXBuildFile; fileRef = CD10B35813B73FEA00901780 /* NSTimer+block.m */; };
		CD19240913A147EE00A47E38 /* UIKit.framework in Frameworks */ = {isa = PBXBuildFile; fileRef = CD19240813A147EE00A47E38 /* UIKit.framework */; };
		CD19240B13A147EE00A47E38 /* Foundation.framework in Frameworks */ = {isa = PBXBuildFile; fileRef = CD19240A13A147EE00A47E38 /* Foundation.framework */; };
		CD19240D13A147EE00A47E38 /* CoreGraphics.framework in Frameworks */ = {isa = PBXBuildFile; fileRef = CD19240C13A147EE00A47E38 /* CoreGraphics.framework */; };
		CD19241313A147EE00A47E38 /* InfoPlist.strings in Resources */ = {isa = PBXBuildFile; fileRef = CD19241113A147EE00A47E38 /* InfoPlist.strings */; };
		CD19241513A147EE00A47E38 /* main.m in Sources */ = {isa = PBXBuildFile; fileRef = CD19241413A147EE00A47E38 /* main.m */; };
		CD19241913A147EE00A47E38 /* ACUIAppDelegate.m in Sources */ = {isa = PBXBuildFile; fileRef = CD19241813A147EE00A47E38 /* ACUIAppDelegate.m */; };
		CD19241C13A147EE00A47E38 /* MainStoryboard.storyboard in Resources */ = {isa = PBXBuildFile; fileRef = CD19241A13A147EE00A47E38 /* MainStoryboard.storyboard */; };
		CD4755E113ABBF7E00BB92F6 /* ACNavigationController.m in Sources */ = {isa = PBXBuildFile; fileRef = CD4755E013ABBF7E00BB92F6 /* ACNavigationController.m */; };
		CD4755E613ABD77600BB92F6 /* ACNavigationPushSegue.m in Sources */ = {isa = PBXBuildFile; fileRef = CD4755E513ABD77600BB92F6 /* ACNavigationPushSegue.m */; };
		CD6973F513A15026005D68D9 /* ECJumpBar.m in Sources */ = {isa = PBXBuildFile; fileRef = CD6973F213A15026005D68D9 /* ECJumpBar.m */; };
		CD6973F613A15026005D68D9 /* ECRectSet.m in Sources */ = {isa = PBXBuildFile; fileRef = CD6973F413A15026005D68D9 /* ECRectSet.m */; };
		CD6973FB13A153B3005D68D9 /* QuartzCore.framework in Frameworks */ = {isa = PBXBuildFile; fileRef = CD6973FA13A153B3005D68D9 /* QuartzCore.framework */; };
		CD6973FD13A153B9005D68D9 /* CoreText.framework in Frameworks */ = {isa = PBXBuildFile; fileRef = CD6973FC13A153B9005D68D9 /* CoreText.framework */; };
		CD6AB29C13ACF6EC00DA8A14 /* UIColor+AppStyle.m in Sources */ = {isa = PBXBuildFile; fileRef = CD6AB29913ACF6EC00DA8A14 /* UIColor+AppStyle.m */; };
		CD6AB29D13ACF6EC00DA8A14 /* UIFont+AppStyle.m in Sources */ = {isa = PBXBuildFile; fileRef = CD6AB29B13ACF6EC00DA8A14 /* UIFont+AppStyle.m */; };
		CD6AB2A113ACFDE700DA8A14 /* UIImage+AppStyle.m in Sources */ = {isa = PBXBuildFile; fileRef = CD6AB2A013ACFDE700DA8A14 /* UIImage+AppStyle.m */; };
		CD6AB2A413ACFE2100DA8A14 /* UIImage+BlockDrawing.m in Sources */ = {isa = PBXBuildFile; fileRef = CD6AB2A313ACFE2100DA8A14 /* UIImage+BlockDrawing.m */; };
		CD8BDAB713B6765400B553EB /* ECSwipeGestureRecognizer.m in Sources */ = {isa = PBXBuildFile; fileRef = CD8BDAB613B6765300B553EB /* ECSwipeGestureRecognizer.m */; };
		CD8D782A13ABE4D500A391F4 /* ACProjectTableController.m in Sources */ = {isa = PBXBuildFile; fileRef = CD8D782913ABE4D500A391F4 /* ACProjectTableController.m */; };
		CDABE3EE13ABF26B006B53AE /* ACProjectTableCell.m in Sources */ = {isa = PBXBuildFile; fileRef = CDABE3ED13ABF26B006B53AE /* ACProjectTableCell.m */; };
		CDAD700413A7BBDC00C0B9B4 /* ECPopoverController.m in Sources */ = {isa = PBXBuildFile; fileRef = CDAD700113A7BBDC00C0B9B4 /* ECPopoverController.m */; };
		CDAD700513A7BBDC00C0B9B4 /* ECPopoverView.m in Sources */ = {isa = PBXBuildFile; fileRef = CDAD700313A7BBDC00C0B9B4 /* ECPopoverView.m */; };
		CDB01FA613BCF8AC00794823 /* UIView+ReuseIdentifier.m in Sources */ = {isa = PBXBuildFile; fileRef = CDB01FA513BCF8AC00794823 /* UIView+ReuseIdentifier.m */; };
		CDB01FAD13BD272300794823 /* ACJumpBarTextField.m in Sources */ = {isa = PBXBuildFile; fileRef = CDB01FAC13BD272300794823 /* ACJumpBarTextField.m */; };
		CDB01FB213BD2D5200794823 /* ACFileTableController.m in Sources */ = {isa = PBXBuildFile; fileRef = CDB01FB113BD2D5200794823 /* ACFileTableController.m */; };
		CDB7768013BE2E91003CA99C /* ToolPanel.xib in Resources */ = {isa = PBXBuildFile; fileRef = CDB7767F13BE2E91003CA99C /* ToolPanel.xib */; };
		CDB7768513BE2EDF003CA99C /* ACToolPanelController.m in Sources */ = {isa = PBXBuildFile; fileRef = CDB7768413BE2EDF003CA99C /* ACToolPanelController.m */; };
		CDB7768813BE436A003CA99C /* ECInstantGestureRecognizer.m in Sources */ = {isa = PBXBuildFile; fileRef = CDB7768713BE436A003CA99C /* ECInstantGestureRecognizer.m */; };
		CDF9846013B25DB7007429D4 /* ECTabBar.m in Sources */ = {isa = PBXBuildFile; fileRef = CDF9845F13B25DB7007429D4 /* ECTabBar.m */; };
/* End PBXBuildFile section */

/* Begin PBXFileReference section */
		CD10B35713B73FEA00901780 /* NSTimer+block.h */ = {isa = PBXFileReference; fileEncoding = 4; lastKnownFileType = sourcecode.c.h; path = "NSTimer+block.h"; sourceTree = "<group>"; };
		CD10B35813B73FEA00901780 /* NSTimer+block.m */ = {isa = PBXFileReference; fileEncoding = 4; lastKnownFileType = sourcecode.c.objc; path = "NSTimer+block.m"; sourceTree = "<group>"; };
		CD19240413A147ED00A47E38 /* ACUI.app */ = {isa = PBXFileReference; explicitFileType = wrapper.application; includeInIndex = 0; path = ACUI.app; sourceTree = BUILT_PRODUCTS_DIR; };
		CD19240813A147EE00A47E38 /* UIKit.framework */ = {isa = PBXFileReference; lastKnownFileType = wrapper.framework; name = UIKit.framework; path = System/Library/Frameworks/UIKit.framework; sourceTree = SDKROOT; };
		CD19240A13A147EE00A47E38 /* Foundation.framework */ = {isa = PBXFileReference; lastKnownFileType = wrapper.framework; name = Foundation.framework; path = System/Library/Frameworks/Foundation.framework; sourceTree = SDKROOT; };
		CD19240C13A147EE00A47E38 /* CoreGraphics.framework */ = {isa = PBXFileReference; lastKnownFileType = wrapper.framework; name = CoreGraphics.framework; path = System/Library/Frameworks/CoreGraphics.framework; sourceTree = SDKROOT; };
		CD19241013A147EE00A47E38 /* ACUI-Info.plist */ = {isa = PBXFileReference; lastKnownFileType = text.plist.xml; path = "ACUI-Info.plist"; sourceTree = "<group>"; };
		CD19241213A147EE00A47E38 /* en */ = {isa = PBXFileReference; lastKnownFileType = text.plist.strings; name = en; path = en.lproj/InfoPlist.strings; sourceTree = "<group>"; };
		CD19241413A147EE00A47E38 /* main.m */ = {isa = PBXFileReference; lastKnownFileType = sourcecode.c.objc; path = main.m; sourceTree = "<group>"; };
		CD19241613A147EE00A47E38 /* ACUI-Prefix.pch */ = {isa = PBXFileReference; lastKnownFileType = sourcecode.c.h; path = "ACUI-Prefix.pch"; sourceTree = "<group>"; };
		CD19241713A147EE00A47E38 /* ACUIAppDelegate.h */ = {isa = PBXFileReference; lastKnownFileType = sourcecode.c.h; path = ACUIAppDelegate.h; sourceTree = "<group>"; };
		CD19241813A147EE00A47E38 /* ACUIAppDelegate.m */ = {isa = PBXFileReference; lastKnownFileType = sourcecode.c.objc; path = ACUIAppDelegate.m; sourceTree = "<group>"; };
		CD19241B13A147EE00A47E38 /* en */ = {isa = PBXFileReference; lastKnownFileType = file.storyboard; name = en; path = en.lproj/MainStoryboard.storyboard; sourceTree = "<group>"; };
		CD4755DF13ABBF7E00BB92F6 /* ACNavigationController.h */ = {isa = PBXFileReference; fileEncoding = 4; lastKnownFileType = sourcecode.c.h; path = ACNavigationController.h; sourceTree = "<group>"; };
		CD4755E013ABBF7E00BB92F6 /* ACNavigationController.m */ = {isa = PBXFileReference; fileEncoding = 4; lastKnownFileType = sourcecode.c.objc; path = ACNavigationController.m; sourceTree = "<group>"; };
		CD4755E413ABD77600BB92F6 /* ACNavigationPushSegue.h */ = {isa = PBXFileReference; fileEncoding = 4; lastKnownFileType = sourcecode.c.h; path = ACNavigationPushSegue.h; sourceTree = "<group>"; };
		CD4755E513ABD77600BB92F6 /* ACNavigationPushSegue.m */ = {isa = PBXFileReference; fileEncoding = 4; lastKnownFileType = sourcecode.c.objc; path = ACNavigationPushSegue.m; sourceTree = "<group>"; };
		CD6973F113A15026005D68D9 /* ECJumpBar.h */ = {isa = PBXFileReference; fileEncoding = 4; lastKnownFileType = sourcecode.c.h; path = ECJumpBar.h; sourceTree = "<group>"; };
		CD6973F213A15026005D68D9 /* ECJumpBar.m */ = {isa = PBXFileReference; fileEncoding = 4; lastKnownFileType = sourcecode.c.objc; path = ECJumpBar.m; sourceTree = "<group>"; };
		CD6973F313A15026005D68D9 /* ECRectSet.h */ = {isa = PBXFileReference; fileEncoding = 4; lastKnownFileType = sourcecode.c.h; path = ECRectSet.h; sourceTree = "<group>"; };
		CD6973F413A15026005D68D9 /* ECRectSet.m */ = {isa = PBXFileReference; fileEncoding = 4; lastKnownFileType = sourcecode.c.objc; path = ECRectSet.m; sourceTree = "<group>"; };
		CD6973FA13A153B3005D68D9 /* QuartzCore.framework */ = {isa = PBXFileReference; lastKnownFileType = wrapper.framework; name = QuartzCore.framework; path = System/Library/Frameworks/QuartzCore.framework; sourceTree = SDKROOT; };
		CD6973FC13A153B9005D68D9 /* CoreText.framework */ = {isa = PBXFileReference; lastKnownFileType = wrapper.framework; name = CoreText.framework; path = System/Library/Frameworks/CoreText.framework; sourceTree = SDKROOT; };
		CD6AB29813ACF6EC00DA8A14 /* UIColor+AppStyle.h */ = {isa = PBXFileReference; fileEncoding = 4; lastKnownFileType = sourcecode.c.h; path = "UIColor+AppStyle.h"; sourceTree = "<group>"; };
		CD6AB29913ACF6EC00DA8A14 /* UIColor+AppStyle.m */ = {isa = PBXFileReference; fileEncoding = 4; lastKnownFileType = sourcecode.c.objc; path = "UIColor+AppStyle.m"; sourceTree = "<group>"; };
		CD6AB29A13ACF6EC00DA8A14 /* UIFont+AppStyle.h */ = {isa = PBXFileReference; fileEncoding = 4; lastKnownFileType = sourcecode.c.h; path = "UIFont+AppStyle.h"; sourceTree = "<group>"; };
		CD6AB29B13ACF6EC00DA8A14 /* UIFont+AppStyle.m */ = {isa = PBXFileReference; fileEncoding = 4; lastKnownFileType = sourcecode.c.objc; path = "UIFont+AppStyle.m"; sourceTree = "<group>"; };
		CD6AB29E13ACF73D00DA8A14 /* AppStyle.h */ = {isa = PBXFileReference; fileEncoding = 4; lastKnownFileType = sourcecode.c.h; path = AppStyle.h; sourceTree = "<group>"; };
		CD6AB29F13ACFDE700DA8A14 /* UIImage+AppStyle.h */ = {isa = PBXFileReference; fileEncoding = 4; lastKnownFileType = sourcecode.c.h; path = "UIImage+AppStyle.h"; sourceTree = "<group>"; };
		CD6AB2A013ACFDE700DA8A14 /* UIImage+AppStyle.m */ = {isa = PBXFileReference; fileEncoding = 4; lastKnownFileType = sourcecode.c.objc; path = "UIImage+AppStyle.m"; sourceTree = "<group>"; };
		CD6AB2A213ACFE2100DA8A14 /* UIImage+BlockDrawing.h */ = {isa = PBXFileReference; fileEncoding = 4; lastKnownFileType = sourcecode.c.h; path = "UIImage+BlockDrawing.h"; sourceTree = "<group>"; };
		CD6AB2A313ACFE2100DA8A14 /* UIImage+BlockDrawing.m */ = {isa = PBXFileReference; fileEncoding = 4; lastKnownFileType = sourcecode.c.objc; path = "UIImage+BlockDrawing.m"; sourceTree = "<group>"; };
		CD8BDAB513B6765300B553EB /* ECSwipeGestureRecognizer.h */ = {isa = PBXFileReference; fileEncoding = 4; lastKnownFileType = sourcecode.c.h; path = ECSwipeGestureRecognizer.h; sourceTree = "<group>"; };
		CD8BDAB613B6765300B553EB /* ECSwipeGestureRecognizer.m */ = {isa = PBXFileReference; fileEncoding = 4; lastKnownFileType = sourcecode.c.objc; path = ECSwipeGestureRecognizer.m; sourceTree = "<group>"; };
		CD8D782813ABE4D500A391F4 /* ACProjectTableController.h */ = {isa = PBXFileReference; fileEncoding = 4; lastKnownFileType = sourcecode.c.h; path = ACProjectTableController.h; sourceTree = "<group>"; };
		CD8D782913ABE4D500A391F4 /* ACProjectTableController.m */ = {isa = PBXFileReference; fileEncoding = 4; lastKnownFileType = sourcecode.c.objc; path = ACProjectTableController.m; sourceTree = "<group>"; };
		CDABE3EC13ABF26B006B53AE /* ACProjectTableCell.h */ = {isa = PBXFileReference; fileEncoding = 4; lastKnownFileType = sourcecode.c.h; path = ACProjectTableCell.h; sourceTree = "<group>"; };
		CDABE3ED13ABF26B006B53AE /* ACProjectTableCell.m */ = {isa = PBXFileReference; fileEncoding = 4; lastKnownFileType = sourcecode.c.objc; path = ACProjectTableCell.m; sourceTree = "<group>"; };
		CDAD700013A7BBDC00C0B9B4 /* ECPopoverController.h */ = {isa = PBXFileReference; fileEncoding = 4; lastKnownFileType = sourcecode.c.h; path = ECPopoverController.h; sourceTree = "<group>"; };
		CDAD700113A7BBDC00C0B9B4 /* ECPopoverController.m */ = {isa = PBXFileReference; fileEncoding = 4; lastKnownFileType = sourcecode.c.objc; path = ECPopoverController.m; sourceTree = "<group>"; };
		CDAD700213A7BBDC00C0B9B4 /* ECPopoverView.h */ = {isa = PBXFileReference; fileEncoding = 4; lastKnownFileType = sourcecode.c.h; path = ECPopoverView.h; sourceTree = "<group>"; };
		CDAD700313A7BBDC00C0B9B4 /* ECPopoverView.m */ = {isa = PBXFileReference; fileEncoding = 4; lastKnownFileType = sourcecode.c.objc; path = ECPopoverView.m; sourceTree = "<group>"; };
		CDB01FA413BCF8AC00794823 /* UIView+ReuseIdentifier.h */ = {isa = PBXFileReference; fileEncoding = 4; lastKnownFileType = sourcecode.c.h; path = "UIView+ReuseIdentifier.h"; sourceTree = "<group>"; };
		CDB01FA513BCF8AC00794823 /* UIView+ReuseIdentifier.m */ = {isa = PBXFileReference; fileEncoding = 4; lastKnownFileType = sourcecode.c.objc; path = "UIView+ReuseIdentifier.m"; sourceTree = "<group>"; };
		CDB01FAB13BD272300794823 /* ACJumpBarTextField.h */ = {isa = PBXFileReference; fileEncoding = 4; lastKnownFileType = sourcecode.c.h; path = ACJumpBarTextField.h; sourceTree = "<group>"; };
		CDB01FAC13BD272300794823 /* ACJumpBarTextField.m */ = {isa = PBXFileReference; fileEncoding = 4; lastKnownFileType = sourcecode.c.objc; path = ACJumpBarTextField.m; sourceTree = "<group>"; };
		CDB01FB013BD2D5200794823 /* ACFileTableController.h */ = {isa = PBXFileReference; fileEncoding = 4; lastKnownFileType = sourcecode.c.h; path = ACFileTableController.h; sourceTree = "<group>"; };
		CDB01FB113BD2D5200794823 /* ACFileTableController.m */ = {isa = PBXFileReference; fileEncoding = 4; lastKnownFileType = sourcecode.c.objc; path = ACFileTableController.m; sourceTree = "<group>"; };
		CDB7767F13BE2E91003CA99C /* ToolPanel.xib */ = {isa = PBXFileReference; fileEncoding = 4; lastKnownFileType = file.xib; path = ToolPanel.xib; sourceTree = "<group>"; };
		CDB7768313BE2EDF003CA99C /* ACToolPanelController.h */ = {isa = PBXFileReference; fileEncoding = 4; lastKnownFileType = sourcecode.c.h; path = ACToolPanelController.h; sourceTree = "<group>"; };
		CDB7768413BE2EDF003CA99C /* ACToolPanelController.m */ = {isa = PBXFileReference; fileEncoding = 4; lastKnownFileType = sourcecode.c.objc; path = ACToolPanelController.m; sourceTree = "<group>"; };
		CDB7768613BE436A003CA99C /* ECInstantGestureRecognizer.h */ = {isa = PBXFileReference; fileEncoding = 4; lastKnownFileType = sourcecode.c.h; path = ECInstantGestureRecognizer.h; sourceTree = "<group>"; };
		CDB7768713BE436A003CA99C /* ECInstantGestureRecognizer.m */ = {isa = PBXFileReference; fileEncoding = 4; lastKnownFileType = sourcecode.c.objc; path = ECInstantGestureRecognizer.m; sourceTree = "<group>"; };
		CDF9845E13B25DB7007429D4 /* ECTabBar.h */ = {isa = PBXFileReference; fileEncoding = 4; lastKnownFileType = sourcecode.c.h; path = ECTabBar.h; sourceTree = "<group>"; };
		CDF9845F13B25DB7007429D4 /* ECTabBar.m */ = {isa = PBXFileReference; fileEncoding = 4; lastKnownFileType = sourcecode.c.objc; path = ECTabBar.m; sourceTree = "<group>"; };
/* End PBXFileReference section */

/* Begin PBXFrameworksBuildPhase section */
		CD19240113A147ED00A47E38 /* Frameworks */ = {
			isa = PBXFrameworksBuildPhase;
			buildActionMask = 2147483647;
			files = (
				CD6973FD13A153B9005D68D9 /* CoreText.framework in Frameworks */,
				CD6973FB13A153B3005D68D9 /* QuartzCore.framework in Frameworks */,
				CD19240913A147EE00A47E38 /* UIKit.framework in Frameworks */,
				CD19240B13A147EE00A47E38 /* Foundation.framework in Frameworks */,
				CD19240D13A147EE00A47E38 /* CoreGraphics.framework in Frameworks */,
			);
			runOnlyForDeploymentPostprocessing = 0;
		};
/* End PBXFrameworksBuildPhase section */

/* Begin PBXGroup section */
		CD10B35513B73FCA00901780 /* ECFoundation */ = {
			isa = PBXGroup;
			children = (
				CD10B35713B73FEA00901780 /* NSTimer+block.h */,
				CD10B35813B73FEA00901780 /* NSTimer+block.m */,
			);
			name = ECFoundation;
			path = ../../Frameworks/ECFoundation;
			sourceTree = "<group>";
		};
		CD1923F913A147ED00A47E38 = {
			isa = PBXGroup;
			children = (
				CD19240E13A147EE00A47E38 /* ACUI */,
				CD19240F13A147EE00A47E38 /* Supporting Files */,
				CD19240713A147EE00A47E38 /* Frameworks */,
				CD19240513A147ED00A47E38 /* Products */,
			);
			sourceTree = "<group>";
		};
		CD19240513A147ED00A47E38 /* Products */ = {
			isa = PBXGroup;
			children = (
				CD19240413A147ED00A47E38 /* ACUI.app */,
			);
			name = Products;
			sourceTree = "<group>";
		};
		CD19240713A147EE00A47E38 /* Frameworks */ = {
			isa = PBXGroup;
			children = (
				CD6973FC13A153B9005D68D9 /* CoreText.framework */,
				CD6973FA13A153B3005D68D9 /* QuartzCore.framework */,
				CD19240813A147EE00A47E38 /* UIKit.framework */,
				CD19240A13A147EE00A47E38 /* Foundation.framework */,
				CD19240C13A147EE00A47E38 /* CoreGraphics.framework */,
			);
			name = Frameworks;
			sourceTree = "<group>";
		};
		CD19240E13A147EE00A47E38 /* ACUI */ = {
			isa = PBXGroup;
			children = (
				CD10B35513B73FCA00901780 /* ECFoundation */,
				CD6973EF13A14FE6005D68D9 /* ECUIKit */,
				CD19241713A147EE00A47E38 /* ACUIAppDelegate.h */,
				CD19241813A147EE00A47E38 /* ACUIAppDelegate.m */,
				CDB01FA213BCF18400794823 /* Resources */,
				CD4755E313ABD71200BB92F6 /* Classes */,
			);
			path = ACUI;
			sourceTree = "<group>";
		};
		CD19240F13A147EE00A47E38 /* Supporting Files */ = {
			isa = PBXGroup;
			children = (
				CD19241013A147EE00A47E38 /* ACUI-Info.plist */,
				CD19241113A147EE00A47E38 /* InfoPlist.strings */,
				CD19241413A147EE00A47E38 /* main.m */,
				CD19241613A147EE00A47E38 /* ACUI-Prefix.pch */,
			);
			name = "Supporting Files";
			path = ACUI;
			sourceTree = "<group>";
		};
		CD4755E313ABD71200BB92F6 /* Classes */ = {
			isa = PBXGroup;
			children = (
				CD6AB29413ACF5E700DA8A14 /* Style */,
				CD8D782C13ABE6BD00A391F4 /* Navigation */,
				CDB7768213BE2E9D003CA99C /* Tools */,
				CD8D782D13ABE6C500A391F4 /* Projects */,
				CDB01FAF13BD2D3000794823 /* Files */,
			);
			name = Classes;
			sourceTree = "<group>";
		};
		CD6973EF13A14FE6005D68D9 /* ECUIKit */ = {
			isa = PBXGroup;
			children = (
				CD6AB2A213ACFE2100DA8A14 /* UIImage+BlockDrawing.h */,
				CD6AB2A313ACFE2100DA8A14 /* UIImage+BlockDrawing.m */,
				CDB01FA413BCF8AC00794823 /* UIView+ReuseIdentifier.h */,
				CDB01FA513BCF8AC00794823 /* UIView+ReuseIdentifier.m */,
				CDAD700013A7BBDC00C0B9B4 /* ECPopoverController.h */,
				CDAD700113A7BBDC00C0B9B4 /* ECPopoverController.m */,
				CDAD700213A7BBDC00C0B9B4 /* ECPopoverView.h */,
				CDAD700313A7BBDC00C0B9B4 /* ECPopoverView.m */,
				CD6973F113A15026005D68D9 /* ECJumpBar.h */,
				CD6973F213A15026005D68D9 /* ECJumpBar.m */,
				CD6973F313A15026005D68D9 /* ECRectSet.h */,
				CD6973F413A15026005D68D9 /* ECRectSet.m */,
				CDF9845E13B25DB7007429D4 /* ECTabBar.h */,
				CDF9845F13B25DB7007429D4 /* ECTabBar.m */,
				CD8BDAB513B6765300B553EB /* ECSwipeGestureRecognizer.h */,
				CD8BDAB613B6765300B553EB /* ECSwipeGestureRecognizer.m */,
				CDB7768613BE436A003CA99C /* ECInstantGestureRecognizer.h */,
				CDB7768713BE436A003CA99C /* ECInstantGestureRecognizer.m */,
			);
			name = ECUIKit;
			path = ../../Frameworks/ECUIKit;
			sourceTree = "<group>";
		};
		CD6AB29413ACF5E700DA8A14 /* Style */ = {
			isa = PBXGroup;
			children = (
				CD6AB29E13ACF73D00DA8A14 /* AppStyle.h */,
				CD6AB29813ACF6EC00DA8A14 /* UIColor+AppStyle.h */,
				CD6AB29913ACF6EC00DA8A14 /* UIColor+AppStyle.m */,
				CD6AB29A13ACF6EC00DA8A14 /* UIFont+AppStyle.h */,
				CD6AB29B13ACF6EC00DA8A14 /* UIFont+AppStyle.m */,
				CD6AB29F13ACFDE700DA8A14 /* UIImage+AppStyle.h */,
				CD6AB2A013ACFDE700DA8A14 /* UIImage+AppStyle.m */,
			);
			name = Style;
			sourceTree = "<group>";
		};
		CD8D782C13ABE6BD00A391F4 /* Navigation */ = {
			isa = PBXGroup;
			children = (
				CD4755DF13ABBF7E00BB92F6 /* ACNavigationController.h */,
				CD4755E013ABBF7E00BB92F6 /* ACNavigationController.m */,
				CD4755E413ABD77600BB92F6 /* ACNavigationPushSegue.h */,
				CD4755E513ABD77600BB92F6 /* ACNavigationPushSegue.m */,
				CDB01FAB13BD272300794823 /* ACJumpBarTextField.h */,
				CDB01FAC13BD272300794823 /* ACJumpBarTextField.m */,
			);
			name = Navigation;
			sourceTree = "<group>";
		};
		CD8D782D13ABE6C500A391F4 /* Projects */ = {
			isa = PBXGroup;
			children = (
				CD8D782813ABE4D500A391F4 /* ACProjectTableController.h */,
				CD8D782913ABE4D500A391F4 /* ACProjectTableController.m */,
				CDABE3EC13ABF26B006B53AE /* ACProjectTableCell.h */,
				CDABE3ED13ABF26B006B53AE /* ACProjectTableCell.m */,
			);
			name = Projects;
			sourceTree = "<group>";
		};
		CDB01FA213BCF18400794823 /* Resources */ = {
			isa = PBXGroup;
			children = (
				CD19241A13A147EE00A47E38 /* MainStoryboard.storyboard */,
				CDB7767F13BE2E91003CA99C /* ToolPanel.xib */,
			);
			name = Resources;
			sourceTree = "<group>";
		};
		CDB01FAF13BD2D3000794823 /* Files */ = {
			isa = PBXGroup;
			children = (
				CDB01FB013BD2D5200794823 /* ACFileTableController.h */,
				CDB01FB113BD2D5200794823 /* ACFileTableController.m */,
			);
			name = Files;
			sourceTree = "<group>";
		};
		CDB7768213BE2E9D003CA99C /* Tools */ = {
			isa = PBXGroup;
			children = (
				CDB7768313BE2EDF003CA99C /* ACToolPanelController.h */,
				CDB7768413BE2EDF003CA99C /* ACToolPanelController.m */,
			);
			name = Tools;
			sourceTree = "<group>";
		};
/* End PBXGroup section */

/* Begin PBXNativeTarget section */
		CD19240313A147ED00A47E38 /* ACUI */ = {
			isa = PBXNativeTarget;
			buildConfigurationList = CD19242613A147EE00A47E38 /* Build configuration list for PBXNativeTarget "ACUI" */;
			buildPhases = (
				CD19240013A147ED00A47E38 /* Sources */,
				CD19240113A147ED00A47E38 /* Frameworks */,
				CD19240213A147ED00A47E38 /* Resources */,
			);
			buildRules = (
			);
			dependencies = (
			);
			name = ACUI;
			productName = ACUI;
			productReference = CD19240413A147ED00A47E38 /* ACUI.app */;
			productType = "com.apple.product-type.application";
		};
/* End PBXNativeTarget section */

/* Begin PBXProject section */
		CD1923FB13A147ED00A47E38 /* Project object */ = {
			isa = PBXProject;
			buildConfigurationList = CD1923FE13A147ED00A47E38 /* Build configuration list for PBXProject "ACUI" */;
			compatibilityVersion = "Xcode 3.2";
			developmentRegion = English;
			hasScannedForEncodings = 0;
			knownRegions = (
				en,
			);
			mainGroup = CD1923F913A147ED00A47E38;
			productRefGroup = CD19240513A147ED00A47E38 /* Products */;
			projectDirPath = "";
			projectRoot = "";
			targets = (
				CD19240313A147ED00A47E38 /* ACUI */,
			);
		};
/* End PBXProject section */

/* Begin PBXResourcesBuildPhase section */
		CD19240213A147ED00A47E38 /* Resources */ = {
			isa = PBXResourcesBuildPhase;
			buildActionMask = 2147483647;
			files = (
				CD19241313A147EE00A47E38 /* InfoPlist.strings in Resources */,
				CD19241C13A147EE00A47E38 /* MainStoryboard.storyboard in Resources */,
				CDB7768013BE2E91003CA99C /* ToolPanel.xib in Resources */,
			);
			runOnlyForDeploymentPostprocessing = 0;
		};
/* End PBXResourcesBuildPhase section */

/* Begin PBXSourcesBuildPhase section */
		CD19240013A147ED00A47E38 /* Sources */ = {
			isa = PBXSourcesBuildPhase;
			buildActionMask = 2147483647;
			files = (
				CD19241513A147EE00A47E38 /* main.m in Sources */,
				CD19241913A147EE00A47E38 /* ACUIAppDelegate.m in Sources */,
				CD6973F513A15026005D68D9 /* ECJumpBar.m in Sources */,
				CD6973F613A15026005D68D9 /* ECRectSet.m in Sources */,
				CDAD700413A7BBDC00C0B9B4 /* ECPopoverController.m in Sources */,
				CDAD700513A7BBDC00C0B9B4 /* ECPopoverView.m in Sources */,
				CD4755E113ABBF7E00BB92F6 /* ACNavigationController.m in Sources */,
				CD4755E613ABD77600BB92F6 /* ACNavigationPushSegue.m in Sources */,
				CD8D782A13ABE4D500A391F4 /* ACProjectTableController.m in Sources */,
				CDABE3EE13ABF26B006B53AE /* ACProjectTableCell.m in Sources */,
				CD6AB29C13ACF6EC00DA8A14 /* UIColor+AppStyle.m in Sources */,
				CD6AB29D13ACF6EC00DA8A14 /* UIFont+AppStyle.m in Sources */,
				CD6AB2A113ACFDE700DA8A14 /* UIImage+AppStyle.m in Sources */,
				CD6AB2A413ACFE2100DA8A14 /* UIImage+BlockDrawing.m in Sources */,
				CDF9846013B25DB7007429D4 /* ECTabBar.m in Sources */,
				CD8BDAB713B6765400B553EB /* ECSwipeGestureRecognizer.m in Sources */,
				CD10B35913B73FEA00901780 /* NSTimer+block.m in Sources */,
				CDB01FA613BCF8AC00794823 /* UIView+ReuseIdentifier.m in Sources */,
				CDB01FAD13BD272300794823 /* ACJumpBarTextField.m in Sources */,
				CDB01FB213BD2D5200794823 /* ACFileTableController.m in Sources */,
				CDB7768513BE2EDF003CA99C /* ACToolPanelController.m in Sources */,
				CDB7768813BE436A003CA99C /* ECInstantGestureRecognizer.m in Sources */,
			);
			runOnlyForDeploymentPostprocessing = 0;
		};
/* End PBXSourcesBuildPhase section */

/* Begin PBXVariantGroup section */
		CD19241113A147EE00A47E38 /* InfoPlist.strings */ = {
			isa = PBXVariantGroup;
			children = (
				CD19241213A147EE00A47E38 /* en */,
			);
			name = InfoPlist.strings;
			sourceTree = "<group>";
		};
		CD19241A13A147EE00A47E38 /* MainStoryboard.storyboard */ = {
			isa = PBXVariantGroup;
			children = (
				CD19241B13A147EE00A47E38 /* en */,
			);
			name = MainStoryboard.storyboard;
			sourceTree = "<group>";
		};
/* End PBXVariantGroup section */

/* Begin XCBuildConfiguration section */
		CD19242413A147EE00A47E38 /* Debug */ = {
			isa = XCBuildConfiguration;
			buildSettings = {
				ALWAYS_SEARCH_USER_PATHS = NO;
				ARCHS = "$(ARCHS_STANDARD_32_BIT)";
				CLANG_ENABLE_OBJC_ARC = YES;
				"CODE_SIGN_IDENTITY[sdk=iphoneos*]" = "iPhone Developer";
				COPY_PHASE_STRIP = NO;
				GCC_C_LANGUAGE_STANDARD = gnu99;
				GCC_DYNAMIC_NO_PIC = NO;
				GCC_OPTIMIZATION_LEVEL = 0;
				GCC_PREPROCESSOR_DEFINITIONS = (
					"DEBUG=1",
					"$(inherited)",
				);
				GCC_SYMBOLS_PRIVATE_EXTERN = NO;
				GCC_VERSION = com.apple.compilers.llvm.clang.1_0;
				GCC_WARN_ABOUT_MISSING_PROTOTYPES = YES;
				GCC_WARN_ABOUT_RETURN_TYPE = YES;
				GCC_WARN_UNUSED_VARIABLE = YES;
				IPHONEOS_DEPLOYMENT_TARGET = 5.0;
				SDKROOT = iphoneos;
				TARGETED_DEVICE_FAMILY = 2;
			};
			name = Debug;
		};
		CD19242513A147EE00A47E38 /* Release */ = {
			isa = XCBuildConfiguration;
			buildSettings = {
				ALWAYS_SEARCH_USER_PATHS = NO;
				ARCHS = "$(ARCHS_STANDARD_32_BIT)";
				CLANG_ENABLE_OBJC_ARC = YES;
				"CODE_SIGN_IDENTITY[sdk=iphoneos*]" = "iPhone Developer";
				COPY_PHASE_STRIP = YES;
				GCC_C_LANGUAGE_STANDARD = gnu99;
				GCC_VERSION = com.apple.compilers.llvm.clang.1_0;
				GCC_WARN_ABOUT_MISSING_PROTOTYPES = YES;
				GCC_WARN_ABOUT_RETURN_TYPE = YES;
				GCC_WARN_UNUSED_VARIABLE = YES;
				IPHONEOS_DEPLOYMENT_TARGET = 5.0;
				OTHER_CFLAGS = "-DNS_BLOCK_ASSERTIONS=1";
				SDKROOT = iphoneos;
				TARGETED_DEVICE_FAMILY = 2;
				VALIDATE_PRODUCT = YES;
			};
			name = Release;
		};
		CD19242713A147EE00A47E38 /* Debug */ = {
			isa = XCBuildConfiguration;
			buildSettings = {
				CLANG_ARC_MIGRATION = precheck;
				GCC_PRECOMPILE_PREFIX_HEADER = YES;
				GCC_PREFIX_HEADER = "ACUI/ACUI-Prefix.pch";
				INFOPLIST_FILE = "ACUI/ACUI-Info.plist";
				PRODUCT_NAME = "$(TARGET_NAME)";
				WRAPPER_EXTENSION = app;
			};
			name = Debug;
		};
		CD19242813A147EE00A47E38 /* Release */ = {
			isa = XCBuildConfiguration;
			buildSettings = {
				CLANG_ARC_MIGRATION = precheck;
				GCC_PRECOMPILE_PREFIX_HEADER = YES;
				GCC_PREFIX_HEADER = "ACUI/ACUI-Prefix.pch";
				INFOPLIST_FILE = "ACUI/ACUI-Info.plist";
				PRODUCT_NAME = "$(TARGET_NAME)";
				WRAPPER_EXTENSION = app;
			};
			name = Release;
		};
/* End XCBuildConfiguration section */

/* Begin XCConfigurationList section */
		CD1923FE13A147ED00A47E38 /* Build configuration list for PBXProject "ACUI" */ = {
			isa = XCConfigurationList;
			buildConfigurations = (
				CD19242413A147EE00A47E38 /* Debug */,
				CD19242513A147EE00A47E38 /* Release */,
			);
			defaultConfigurationIsVisible = 0;
			defaultConfigurationName = Release;
		};
		CD19242613A147EE00A47E38 /* Build configuration list for PBXNativeTarget "ACUI" */ = {
			isa = XCConfigurationList;
			buildConfigurations = (
				CD19242713A147EE00A47E38 /* Debug */,
				CD19242813A147EE00A47E38 /* Release */,
			);
			defaultConfigurationIsVisible = 0;
			defaultConfigurationName = Release;
		};
/* End XCConfigurationList section */
	};
	rootObject = CD1923FB13A147ED00A47E38 /* Project object */;
}
