// !$*UTF8*$!
{
	archiveVersion = 1;
	classes = {
	};
	objectVersion = 46;
	objects = {

/* Begin PBXBuildFile section */
		CD13AA0013264FB900AC5BA9 /* ECCarpetViewController.h in Headers */ = {isa = PBXBuildFile; fileRef = CD13A9FD13264FB900AC5BA9 /* ECCarpetViewController.h */; };
		CD13AA0113264FB900AC5BA9 /* ECCarpetViewController.m in Sources */ = {isa = PBXBuildFile; fileRef = CD13A9FE13264FB900AC5BA9 /* ECCarpetViewController.m */; };
		CD13AA0213264FB900AC5BA9 /* ECCarpetViewControllerDelegate.h in Headers */ = {isa = PBXBuildFile; fileRef = CD13A9FF13264FB900AC5BA9 /* ECCarpetViewControllerDelegate.h */; };
		CDB9F8741326334D009EEEE0 /* CoreText.framework in Frameworks */ = {isa = PBXBuildFile; fileRef = CDB9F8731326334D009EEEE0 /* CoreText.framework */; };
		CDB9F87713263351009EEEE0 /* CoreGraphics.framework in Frameworks */ = {isa = PBXBuildFile; fileRef = CDB9F87613263351009EEEE0 /* CoreGraphics.framework */; };
		CDB9F87913263356009EEEE0 /* QuartzCore.framework in Frameworks */ = {isa = PBXBuildFile; fileRef = CDB9F87813263356009EEEE0 /* QuartzCore.framework */; };
		CDB9F87B1326335C009EEEE0 /* UIKit.framework in Frameworks */ = {isa = PBXBuildFile; fileRef = CDB9F87A1326335C009EEEE0 /* UIKit.framework */; };
		CDB9F89B13263381009EEEE0 /* ECCodeScrollView.h in Headers */ = {isa = PBXBuildFile; fileRef = CDB9F88113263381009EEEE0 /* ECCodeScrollView.h */; settings = {ATTRIBUTES = (Public, ); }; };
		CDB9F89C13263381009EEEE0 /* ECCodeScrollView.m in Sources */ = {isa = PBXBuildFile; fileRef = CDB9F88213263381009EEEE0 /* ECCodeScrollView.m */; };
		CDB9F89D13263381009EEEE0 /* ECCodeView.h in Headers */ = {isa = PBXBuildFile; fileRef = CDB9F88313263381009EEEE0 /* ECCodeView.h */; settings = {ATTRIBUTES = (Public, ); }; };
		CDB9F89E13263381009EEEE0 /* ECCodeView.m in Sources */ = {isa = PBXBuildFile; fileRef = CDB9F88413263381009EEEE0 /* ECCodeView.m */; };
		CDB9F89F13263381009EEEE0 /* ECEditCodeView.h in Headers */ = {isa = PBXBuildFile; fileRef = CDB9F88513263381009EEEE0 /* ECEditCodeView.h */; settings = {ATTRIBUTES = (Public, ); }; };
		CDB9F8A013263381009EEEE0 /* ECEditCodeView.m in Sources */ = {isa = PBXBuildFile; fileRef = CDB9F88613263381009EEEE0 /* ECEditCodeView.m */; };
		CDB9F8A113263381009EEEE0 /* ECLineMarksView.h in Headers */ = {isa = PBXBuildFile; fileRef = CDB9F88713263381009EEEE0 /* ECLineMarksView.h */; settings = {ATTRIBUTES = (Public, ); }; };
		CDB9F8A213263381009EEEE0 /* ECLineMarksView.m in Sources */ = {isa = PBXBuildFile; fileRef = CDB9F88813263381009EEEE0 /* ECLineMarksView.m */; };
		CDB9F8A313263381009EEEE0 /* ECRectSet.h in Headers */ = {isa = PBXBuildFile; fileRef = CDB9F88913263381009EEEE0 /* ECRectSet.h */; settings = {ATTRIBUTES = (Public, ); }; };
		CDB9F8A413263381009EEEE0 /* ECRectSet.m in Sources */ = {isa = PBXBuildFile; fileRef = CDB9F88A13263381009EEEE0 /* ECRectSet.m */; };
		CDB9F8A513263381009EEEE0 /* ECSelectionHandleView.h in Headers */ = {isa = PBXBuildFile; fileRef = CDB9F88B13263381009EEEE0 /* ECSelectionHandleView.h */; settings = {ATTRIBUTES = (Public, ); }; };
		CDB9F8A613263381009EEEE0 /* ECSelectionHandleView.m in Sources */ = {isa = PBXBuildFile; fileRef = CDB9F88C13263381009EEEE0 /* ECSelectionHandleView.m */; };
		CDB9F8A713263381009EEEE0 /* ECTextLayer.h in Headers */ = {isa = PBXBuildFile; fileRef = CDB9F88D13263381009EEEE0 /* ECTextLayer.h */; settings = {ATTRIBUTES = (Public, ); }; };
		CDB9F8A813263381009EEEE0 /* ECTextLayer.m in Sources */ = {isa = PBXBuildFile; fileRef = CDB9F88E13263381009EEEE0 /* ECTextLayer.m */; };
		CDB9F8A913263381009EEEE0 /* ECTextOverlay.h in Headers */ = {isa = PBXBuildFile; fileRef = CDB9F88F13263381009EEEE0 /* ECTextOverlay.h */; settings = {ATTRIBUTES = (Public, ); }; };
		CDB9F8AA13263381009EEEE0 /* ECTextOverlay.m in Sources */ = {isa = PBXBuildFile; fileRef = CDB9F89013263381009EEEE0 /* ECTextOverlay.m */; };
		CDB9F8AB13263381009EEEE0 /* ECTextOverlayLayer.h in Headers */ = {isa = PBXBuildFile; fileRef = CDB9F89113263381009EEEE0 /* ECTextOverlayLayer.h */; settings = {ATTRIBUTES = (Public, ); }; };
		CDB9F8AC13263381009EEEE0 /* ECTextOverlayLayer.m in Sources */ = {isa = PBXBuildFile; fileRef = CDB9F89213263381009EEEE0 /* ECTextOverlayLayer.m */; };
		CDB9F8AD13263381009EEEE0 /* ECTextOverlayStyle.h in Headers */ = {isa = PBXBuildFile; fileRef = CDB9F89313263381009EEEE0 /* ECTextOverlayStyle.h */; settings = {ATTRIBUTES = (Public, ); }; };
		CDB9F8AE13263381009EEEE0 /* ECTextOverlayStyle.m in Sources */ = {isa = PBXBuildFile; fileRef = CDB9F89413263381009EEEE0 /* ECTextOverlayStyle.m */; };
		CDB9F8AF13263381009EEEE0 /* ECTextPosition.h in Headers */ = {isa = PBXBuildFile; fileRef = CDB9F89513263381009EEEE0 /* ECTextPosition.h */; settings = {ATTRIBUTES = (Public, ); }; };
		CDB9F8B013263381009EEEE0 /* ECTextPosition.m in Sources */ = {isa = PBXBuildFile; fileRef = CDB9F89613263381009EEEE0 /* ECTextPosition.m */; };
		CDB9F8B113263381009EEEE0 /* ECTextRange.h in Headers */ = {isa = PBXBuildFile; fileRef = CDB9F89713263381009EEEE0 /* ECTextRange.h */; settings = {ATTRIBUTES = (Public, ); }; };
		CDB9F8B213263381009EEEE0 /* ECTextRange.m in Sources */ = {isa = PBXBuildFile; fileRef = CDB9F89813263381009EEEE0 /* ECTextRange.m */; };
		CDB9F8B313263381009EEEE0 /* ECTextStyle.h in Headers */ = {isa = PBXBuildFile; fileRef = CDB9F89913263381009EEEE0 /* ECTextStyle.h */; settings = {ATTRIBUTES = (Public, ); }; };
		CDB9F8B413263381009EEEE0 /* ECTextStyle.m in Sources */ = {isa = PBXBuildFile; fileRef = CDB9F89A13263381009EEEE0 /* ECTextStyle.m */; };
		CDCD9C771326214D007B1F15 /* Foundation.framework in Frameworks */ = {isa = PBXBuildFile; fileRef = CDCD9C761326214D007B1F15 /* Foundation.framework */; };
/* End PBXBuildFile section */

/* Begin PBXFileReference section */
		CD13A9FD13264FB900AC5BA9 /* ECCarpetViewController.h */ = {isa = PBXFileReference; fileEncoding = 4; lastKnownFileType = sourcecode.c.h; path = ECCarpetViewController.h; sourceTree = "<group>"; };
		CD13A9FE13264FB900AC5BA9 /* ECCarpetViewController.m */ = {isa = PBXFileReference; fileEncoding = 4; lastKnownFileType = sourcecode.c.objc; path = ECCarpetViewController.m; sourceTree = "<group>"; };
		CD13A9FF13264FB900AC5BA9 /* ECCarpetViewControllerDelegate.h */ = {isa = PBXFileReference; fileEncoding = 4; lastKnownFileType = sourcecode.c.h; path = ECCarpetViewControllerDelegate.h; sourceTree = "<group>"; };
		CDB9F8731326334D009EEEE0 /* CoreText.framework */ = {isa = PBXFileReference; lastKnownFileType = wrapper.framework; name = CoreText.framework; path = System/Library/Frameworks/CoreText.framework; sourceTree = SDKROOT; };
		CDB9F87613263351009EEEE0 /* CoreGraphics.framework */ = {isa = PBXFileReference; lastKnownFileType = wrapper.framework; name = CoreGraphics.framework; path = System/Library/Frameworks/CoreGraphics.framework; sourceTree = SDKROOT; };
		CDB9F87813263356009EEEE0 /* QuartzCore.framework */ = {isa = PBXFileReference; lastKnownFileType = wrapper.framework; name = QuartzCore.framework; path = System/Library/Frameworks/QuartzCore.framework; sourceTree = SDKROOT; };
		CDB9F87A1326335C009EEEE0 /* UIKit.framework */ = {isa = PBXFileReference; lastKnownFileType = wrapper.framework; name = UIKit.framework; path = System/Library/Frameworks/UIKit.framework; sourceTree = SDKROOT; };
		CDB9F88113263381009EEEE0 /* ECCodeScrollView.h */ = {isa = PBXFileReference; fileEncoding = 4; lastKnownFileType = sourcecode.c.h; path = ECCodeScrollView.h; sourceTree = "<group>"; };
		CDB9F88213263381009EEEE0 /* ECCodeScrollView.m */ = {isa = PBXFileReference; fileEncoding = 4; lastKnownFileType = sourcecode.c.objc; path = ECCodeScrollView.m; sourceTree = "<group>"; };
		CDB9F88313263381009EEEE0 /* ECCodeView.h */ = {isa = PBXFileReference; fileEncoding = 4; lastKnownFileType = sourcecode.c.h; path = ECCodeView.h; sourceTree = "<group>"; };
		CDB9F88413263381009EEEE0 /* ECCodeView.m */ = {isa = PBXFileReference; fileEncoding = 4; lastKnownFileType = sourcecode.c.objc; path = ECCodeView.m; sourceTree = "<group>"; };
		CDB9F88513263381009EEEE0 /* ECEditCodeView.h */ = {isa = PBXFileReference; fileEncoding = 4; lastKnownFileType = sourcecode.c.h; path = ECEditCodeView.h; sourceTree = "<group>"; };
		CDB9F88613263381009EEEE0 /* ECEditCodeView.m */ = {isa = PBXFileReference; fileEncoding = 4; lastKnownFileType = sourcecode.c.objc; path = ECEditCodeView.m; sourceTree = "<group>"; };
		CDB9F88713263381009EEEE0 /* ECLineMarksView.h */ = {isa = PBXFileReference; fileEncoding = 4; lastKnownFileType = sourcecode.c.h; path = ECLineMarksView.h; sourceTree = "<group>"; };
		CDB9F88813263381009EEEE0 /* ECLineMarksView.m */ = {isa = PBXFileReference; fileEncoding = 4; lastKnownFileType = sourcecode.c.objc; path = ECLineMarksView.m; sourceTree = "<group>"; };
		CDB9F88913263381009EEEE0 /* ECRectSet.h */ = {isa = PBXFileReference; fileEncoding = 4; lastKnownFileType = sourcecode.c.h; path = ECRectSet.h; sourceTree = "<group>"; };
		CDB9F88A13263381009EEEE0 /* ECRectSet.m */ = {isa = PBXFileReference; fileEncoding = 4; lastKnownFileType = sourcecode.c.objc; path = ECRectSet.m; sourceTree = "<group>"; };
		CDB9F88B13263381009EEEE0 /* ECSelectionHandleView.h */ = {isa = PBXFileReference; fileEncoding = 4; lastKnownFileType = sourcecode.c.h; path = ECSelectionHandleView.h; sourceTree = "<group>"; };
		CDB9F88C13263381009EEEE0 /* ECSelectionHandleView.m */ = {isa = PBXFileReference; fileEncoding = 4; lastKnownFileType = sourcecode.c.objc; path = ECSelectionHandleView.m; sourceTree = "<group>"; };
		CDB9F88D13263381009EEEE0 /* ECTextLayer.h */ = {isa = PBXFileReference; fileEncoding = 4; lastKnownFileType = sourcecode.c.h; path = ECTextLayer.h; sourceTree = "<group>"; };
		CDB9F88E13263381009EEEE0 /* ECTextLayer.m */ = {isa = PBXFileReference; fileEncoding = 4; lastKnownFileType = sourcecode.c.objc; path = ECTextLayer.m; sourceTree = "<group>"; };
		CDB9F88F13263381009EEEE0 /* ECTextOverlay.h */ = {isa = PBXFileReference; fileEncoding = 4; lastKnownFileType = sourcecode.c.h; path = ECTextOverlay.h; sourceTree = "<group>"; };
		CDB9F89013263381009EEEE0 /* ECTextOverlay.m */ = {isa = PBXFileReference; fileEncoding = 4; lastKnownFileType = sourcecode.c.objc; path = ECTextOverlay.m; sourceTree = "<group>"; };
		CDB9F89113263381009EEEE0 /* ECTextOverlayLayer.h */ = {isa = PBXFileReference; fileEncoding = 4; lastKnownFileType = sourcecode.c.h; path = ECTextOverlayLayer.h; sourceTree = "<group>"; };
		CDB9F89213263381009EEEE0 /* ECTextOverlayLayer.m */ = {isa = PBXFileReference; fileEncoding = 4; lastKnownFileType = sourcecode.c.objc; path = ECTextOverlayLayer.m; sourceTree = "<group>"; };
		CDB9F89313263381009EEEE0 /* ECTextOverlayStyle.h */ = {isa = PBXFileReference; fileEncoding = 4; lastKnownFileType = sourcecode.c.h; path = ECTextOverlayStyle.h; sourceTree = "<group>"; };
		CDB9F89413263381009EEEE0 /* ECTextOverlayStyle.m */ = {isa = PBXFileReference; fileEncoding = 4; lastKnownFileType = sourcecode.c.objc; path = ECTextOverlayStyle.m; sourceTree = "<group>"; };
		CDB9F89513263381009EEEE0 /* ECTextPosition.h */ = {isa = PBXFileReference; fileEncoding = 4; lastKnownFileType = sourcecode.c.h; path = ECTextPosition.h; sourceTree = "<group>"; };
		CDB9F89613263381009EEEE0 /* ECTextPosition.m */ = {isa = PBXFileReference; fileEncoding = 4; lastKnownFileType = sourcecode.c.objc; path = ECTextPosition.m; sourceTree = "<group>"; };
		CDB9F89713263381009EEEE0 /* ECTextRange.h */ = {isa = PBXFileReference; fileEncoding = 4; lastKnownFileType = sourcecode.c.h; path = ECTextRange.h; sourceTree = "<group>"; };
		CDB9F89813263381009EEEE0 /* ECTextRange.m */ = {isa = PBXFileReference; fileEncoding = 4; lastKnownFileType = sourcecode.c.objc; path = ECTextRange.m; sourceTree = "<group>"; };
		CDB9F89913263381009EEEE0 /* ECTextStyle.h */ = {isa = PBXFileReference; fileEncoding = 4; lastKnownFileType = sourcecode.c.h; path = ECTextStyle.h; sourceTree = "<group>"; };
		CDB9F89A13263381009EEEE0 /* ECTextStyle.m */ = {isa = PBXFileReference; fileEncoding = 4; lastKnownFileType = sourcecode.c.objc; path = ECTextStyle.m; sourceTree = "<group>"; };
		CDCD9C731326214D007B1F15 /* libECUIKit.a */ = {isa = PBXFileReference; explicitFileType = archive.ar; includeInIndex = 0; path = libECUIKit.a; sourceTree = BUILT_PRODUCTS_DIR; };
		CDCD9C761326214D007B1F15 /* Foundation.framework */ = {isa = PBXFileReference; lastKnownFileType = wrapper.framework; name = Foundation.framework; path = System/Library/Frameworks/Foundation.framework; sourceTree = SDKROOT; };
		CDCD9C811326216B007B1F15 /* Application-iPad-Debug.xcconfig */ = {isa = PBXFileReference; fileEncoding = 4; lastKnownFileType = text.xcconfig; path = "Application-iPad-Debug.xcconfig"; sourceTree = "<group>"; };
		CDCD9C821326216B007B1F15 /* Application-iPad-Release.xcconfig */ = {isa = PBXFileReference; fileEncoding = 4; lastKnownFileType = text.xcconfig; path = "Application-iPad-Release.xcconfig"; sourceTree = "<group>"; };
		CDCD9C831326216B007B1F15 /* Application-iPad-Test.xcconfig */ = {isa = PBXFileReference; fileEncoding = 4; lastKnownFileType = text.xcconfig; path = "Application-iPad-Test.xcconfig"; sourceTree = "<group>"; };
		CDCD9C841326216B007B1F15 /* Application.xcconfig */ = {isa = PBXFileReference; fileEncoding = 4; lastKnownFileType = text.xcconfig; path = Application.xcconfig; sourceTree = "<group>"; };
		CDCD9C851326216B007B1F15 /* Debug.xcconfig */ = {isa = PBXFileReference; fileEncoding = 4; lastKnownFileType = text.xcconfig; path = Debug.xcconfig; sourceTree = "<group>"; };
		CDCD9C861326216B007B1F15 /* iPad.xcconfig */ = {isa = PBXFileReference; fileEncoding = 4; lastKnownFileType = text.xcconfig; path = iPad.xcconfig; sourceTree = "<group>"; };
		CDCD9C871326216B007B1F15 /* Library.xcconfig */ = {isa = PBXFileReference; fileEncoding = 4; lastKnownFileType = text.xcconfig; path = Library.xcconfig; sourceTree = "<group>"; };
		CDCD9C881326216B007B1F15 /* Release.xcconfig */ = {isa = PBXFileReference; fileEncoding = 4; lastKnownFileType = text.xcconfig; path = Release.xcconfig; sourceTree = "<group>"; };
		CDCD9C891326216B007B1F15 /* Shared.xcconfig */ = {isa = PBXFileReference; fileEncoding = 4; lastKnownFileType = text.xcconfig; path = Shared.xcconfig; sourceTree = "<group>"; };
		CDCD9C8A1326216B007B1F15 /* StaticLibrary-iPad-Debug.xcconfig */ = {isa = PBXFileReference; fileEncoding = 4; lastKnownFileType = text.xcconfig; path = "StaticLibrary-iPad-Debug.xcconfig"; sourceTree = "<group>"; };
		CDCD9C8B1326216B007B1F15 /* StaticLibrary-iPad-Release.xcconfig */ = {isa = PBXFileReference; fileEncoding = 4; lastKnownFileType = text.xcconfig; path = "StaticLibrary-iPad-Release.xcconfig"; sourceTree = "<group>"; };
		CDCD9C8C1326216B007B1F15 /* StaticLibrary-iPad-Test.xcconfig */ = {isa = PBXFileReference; fileEncoding = 4; lastKnownFileType = text.xcconfig; path = "StaticLibrary-iPad-Test.xcconfig"; sourceTree = "<group>"; };
		CDCD9C8D1326216B007B1F15 /* StaticLibrary.xcconfig */ = {isa = PBXFileReference; fileEncoding = 4; lastKnownFileType = text.xcconfig; path = StaticLibrary.xcconfig; sourceTree = "<group>"; };
		CDCD9C8E1326216B007B1F15 /* Test.xcconfig */ = {isa = PBXFileReference; fileEncoding = 4; lastKnownFileType = text.xcconfig; path = Test.xcconfig; sourceTree = "<group>"; };
/* End PBXFileReference section */

/* Begin PBXFrameworksBuildPhase section */
		CDCD9C701326214D007B1F15 /* Frameworks */ = {
			isa = PBXFrameworksBuildPhase;
			buildActionMask = 2147483647;
			files = (
				CDB9F87B1326335C009EEEE0 /* UIKit.framework in Frameworks */,
				CDB9F87913263356009EEEE0 /* QuartzCore.framework in Frameworks */,
				CDB9F87713263351009EEEE0 /* CoreGraphics.framework in Frameworks */,
				CDB9F8741326334D009EEEE0 /* CoreText.framework in Frameworks */,
				CDCD9C771326214D007B1F15 /* Foundation.framework in Frameworks */,
			);
			runOnlyForDeploymentPostprocessing = 0;
		};
/* End PBXFrameworksBuildPhase section */

/* Begin PBXGroup section */
		CD13A9FB13264F6B00AC5BA9 /* Carpet View */ = {
			isa = PBXGroup;
			children = (
				CD13A9FD13264FB900AC5BA9 /* ECCarpetViewController.h */,
				CD13A9FE13264FB900AC5BA9 /* ECCarpetViewController.m */,
				CD13A9FF13264FB900AC5BA9 /* ECCarpetViewControllerDelegate.h */,
			);
			name = "Carpet View";
			sourceTree = "<group>";
		};
		CDB9F87F13263373009EEEE0 /* CodeView */ = {
			isa = PBXGroup;
			children = (
				CDB9F88313263381009EEEE0 /* ECCodeView.h */,
				CDB9F88413263381009EEEE0 /* ECCodeView.m */,
				CDB9F88513263381009EEEE0 /* ECEditCodeView.h */,
				CDB9F88613263381009EEEE0 /* ECEditCodeView.m */,
				CDB9F88B13263381009EEEE0 /* ECSelectionHandleView.h */,
				CDB9F88C13263381009EEEE0 /* ECSelectionHandleView.m */,
			);
			name = CodeView;
			sourceTree = "<group>";
		};
		CDB9F8B813263393009EEEE0 /* CodeScrollView */ = {
			isa = PBXGroup;
			children = (
				CDB9F88113263381009EEEE0 /* ECCodeScrollView.h */,
				CDB9F88213263381009EEEE0 /* ECCodeScrollView.m */,
				CDB9F88713263381009EEEE0 /* ECLineMarksView.h */,
				CDB9F88813263381009EEEE0 /* ECLineMarksView.m */,
			);
			name = CodeScrollView;
			sourceTree = "<group>";
		};
		CDB9F8BA132633A4009EEEE0 /* Text */ = {
			isa = PBXGroup;
			children = (
				CDB9F88D13263381009EEEE0 /* ECTextLayer.h */,
				CDB9F88E13263381009EEEE0 /* ECTextLayer.m */,
				CDB9F88F13263381009EEEE0 /* ECTextOverlay.h */,
				CDB9F89013263381009EEEE0 /* ECTextOverlay.m */,
				CDB9F89113263381009EEEE0 /* ECTextOverlayLayer.h */,
				CDB9F89213263381009EEEE0 /* ECTextOverlayLayer.m */,
				CDB9F89313263381009EEEE0 /* ECTextOverlayStyle.h */,
				CDB9F89413263381009EEEE0 /* ECTextOverlayStyle.m */,
				CDB9F89513263381009EEEE0 /* ECTextPosition.h */,
				CDB9F89613263381009EEEE0 /* ECTextPosition.m */,
				CDB9F89713263381009EEEE0 /* ECTextRange.h */,
				CDB9F89813263381009EEEE0 /* ECTextRange.m */,
				CDB9F89913263381009EEEE0 /* ECTextStyle.h */,
				CDB9F89A13263381009EEEE0 /* ECTextStyle.m */,
			);
			name = Text;
			sourceTree = "<group>";
		};
		CDB9F8BB132633B2009EEEE0 /* Core Graphics */ = {
			isa = PBXGroup;
			children = (
				CDB9F88913263381009EEEE0 /* ECRectSet.h */,
				CDB9F88A13263381009EEEE0 /* ECRectSet.m */,
			);
			name = "Core Graphics";
			sourceTree = "<group>";
		};
		CDCD9C681326214D007B1F15 = {
			isa = PBXGroup;
			children = (
				CD13A9FB13264F6B00AC5BA9 /* Carpet View */,
				CDB9F8BB132633B2009EEEE0 /* Core Graphics */,
				CDB9F8BA132633A4009EEEE0 /* Text */,
				CDB9F8B813263393009EEEE0 /* CodeScrollView */,
				CDB9F87F13263373009EEEE0 /* CodeView */,
				CDCD9C801326216B007B1F15 /* Config */,
				CDCD9C751326214D007B1F15 /* Frameworks */,
				CDCD9C741326214D007B1F15 /* Products */,
			);
			sourceTree = "<group>";
		};
		CDCD9C741326214D007B1F15 /* Products */ = {
			isa = PBXGroup;
			children = (
				CDCD9C731326214D007B1F15 /* libECUIKit.a */,
			);
			name = Products;
			sourceTree = "<group>";
		};
		CDCD9C751326214D007B1F15 /* Frameworks */ = {
			isa = PBXGroup;
			children = (
				CDB9F87A1326335C009EEEE0 /* UIKit.framework */,
				CDB9F87813263356009EEEE0 /* QuartzCore.framework */,
				CDB9F87613263351009EEEE0 /* CoreGraphics.framework */,
				CDB9F8731326334D009EEEE0 /* CoreText.framework */,
				CDCD9C761326214D007B1F15 /* Foundation.framework */,
			);
			name = Frameworks;
			sourceTree = "<group>";
		};
		CDCD9C801326216B007B1F15 /* Config */ = {
			isa = PBXGroup;
			children = (
				CDCD9C811326216B007B1F15 /* Application-iPad-Debug.xcconfig */,
				CDCD9C821326216B007B1F15 /* Application-iPad-Release.xcconfig */,
				CDCD9C831326216B007B1F15 /* Application-iPad-Test.xcconfig */,
				CDCD9C841326216B007B1F15 /* Application.xcconfig */,
				CDCD9C851326216B007B1F15 /* Debug.xcconfig */,
				CDCD9C861326216B007B1F15 /* iPad.xcconfig */,
				CDCD9C871326216B007B1F15 /* Library.xcconfig */,
				CDCD9C881326216B007B1F15 /* Release.xcconfig */,
				CDCD9C891326216B007B1F15 /* Shared.xcconfig */,
				CDCD9C8A1326216B007B1F15 /* StaticLibrary-iPad-Debug.xcconfig */,
				CDCD9C8B1326216B007B1F15 /* StaticLibrary-iPad-Release.xcconfig */,
				CDCD9C8C1326216B007B1F15 /* StaticLibrary-iPad-Test.xcconfig */,
				CDCD9C8D1326216B007B1F15 /* StaticLibrary.xcconfig */,
				CDCD9C8E1326216B007B1F15 /* Test.xcconfig */,
			);
			name = Config;
			path = ../../Config;
			sourceTree = "<group>";
		};
/* End PBXGroup section */

/* Begin PBXHeadersBuildPhase section */
		CDCD9C711326214D007B1F15 /* Headers */ = {
			isa = PBXHeadersBuildPhase;
			buildActionMask = 2147483647;
			files = (
				CDB9F89B13263381009EEEE0 /* ECCodeScrollView.h in Headers */,
				CDB9F89D13263381009EEEE0 /* ECCodeView.h in Headers */,
				CDB9F89F13263381009EEEE0 /* ECEditCodeView.h in Headers */,
				CDB9F8A113263381009EEEE0 /* ECLineMarksView.h in Headers */,
				CDB9F8A313263381009EEEE0 /* ECRectSet.h in Headers */,
				CDB9F8A513263381009EEEE0 /* ECSelectionHandleView.h in Headers */,
				CDB9F8A713263381009EEEE0 /* ECTextLayer.h in Headers */,
				CDB9F8A913263381009EEEE0 /* ECTextOverlay.h in Headers */,
				CDB9F8AB13263381009EEEE0 /* ECTextOverlayLayer.h in Headers */,
				CDB9F8AD13263381009EEEE0 /* ECTextOverlayStyle.h in Headers */,
				CDB9F8AF13263381009EEEE0 /* ECTextPosition.h in Headers */,
				CDB9F8B113263381009EEEE0 /* ECTextRange.h in Headers */,
				CDB9F8B313263381009EEEE0 /* ECTextStyle.h in Headers */,
				CD13AA0013264FB900AC5BA9 /* ECCarpetViewController.h in Headers */,
				CD13AA0213264FB900AC5BA9 /* ECCarpetViewControllerDelegate.h in Headers */,
			);
			runOnlyForDeploymentPostprocessing = 0;
		};
/* End PBXHeadersBuildPhase section */

/* Begin PBXNativeTarget section */
		CDCD9C721326214D007B1F15 /* ECUIKit */ = {
			isa = PBXNativeTarget;
			buildConfigurationList = CDCD9C7D1326214D007B1F15 /* Build configuration list for PBXNativeTarget "ECUIKit" */;
			buildPhases = (
				CDCD9C6F1326214D007B1F15 /* Sources */,
				CDCD9C701326214D007B1F15 /* Frameworks */,
				CDCD9C711326214D007B1F15 /* Headers */,
			);
			buildRules = (
			);
			dependencies = (
			);
			name = ECUIKit;
			productName = ECUIKit;
			productReference = CDCD9C731326214D007B1F15 /* libECUIKit.a */;
			productType = "com.apple.product-type.library.static";
		};
/* End PBXNativeTarget section */

/* Begin PBXProject section */
		CDCD9C6A1326214D007B1F15 /* Project object */ = {
			isa = PBXProject;
			buildConfigurationList = CDCD9C6D1326214D007B1F15 /* Build configuration list for PBXProject "ECUIKit" */;
			compatibilityVersion = "Xcode 3.2";
			developmentRegion = English;
			hasScannedForEncodings = 0;
			knownRegions = (
				en,
			);
			mainGroup = CDCD9C681326214D007B1F15;
			productRefGroup = CDCD9C741326214D007B1F15 /* Products */;
			projectDirPath = "";
			projectRoot = "";
			targets = (
				CDCD9C721326214D007B1F15 /* ECUIKit */,
			);
		};
/* End PBXProject section */

/* Begin PBXSourcesBuildPhase section */
		CDCD9C6F1326214D007B1F15 /* Sources */ = {
			isa = PBXSourcesBuildPhase;
			buildActionMask = 2147483647;
			files = (
				CDB9F89C13263381009EEEE0 /* ECCodeScrollView.m in Sources */,
				CDB9F89E13263381009EEEE0 /* ECCodeView.m in Sources */,
				CDB9F8A013263381009EEEE0 /* ECEditCodeView.m in Sources */,
				CDB9F8A213263381009EEEE0 /* ECLineMarksView.m in Sources */,
				CDB9F8A413263381009EEEE0 /* ECRectSet.m in Sources */,
				CDB9F8A613263381009EEEE0 /* ECSelectionHandleView.m in Sources */,
				CDB9F8A813263381009EEEE0 /* ECTextLayer.m in Sources */,
				CDB9F8AA13263381009EEEE0 /* ECTextOverlay.m in Sources */,
				CDB9F8AC13263381009EEEE0 /* ECTextOverlayLayer.m in Sources */,
				CDB9F8AE13263381009EEEE0 /* ECTextOverlayStyle.m in Sources */,
				CDB9F8B013263381009EEEE0 /* ECTextPosition.m in Sources */,
				CDB9F8B213263381009EEEE0 /* ECTextRange.m in Sources */,
				CDB9F8B413263381009EEEE0 /* ECTextStyle.m in Sources */,
				CD13AA0113264FB900AC5BA9 /* ECCarpetViewController.m in Sources */,
			);
			runOnlyForDeploymentPostprocessing = 0;
		};
/* End PBXSourcesBuildPhase section */

/* Begin XCBuildConfiguration section */
		CDCD9C7B1326214D007B1F15 /* Debug */ = {
			isa = XCBuildConfiguration;
			buildSettings = {
				ARCHS = "$(ARCHS_STANDARD_32_BIT)";
				GCC_C_LANGUAGE_STANDARD = gnu99;
				GCC_OPTIMIZATION_LEVEL = 0;
				GCC_PREPROCESSOR_DEFINITIONS = DEBUG;
				GCC_VERSION = com.apple.compilers.llvm.clang.1_0;
				GCC_WARN_ABOUT_RETURN_TYPE = YES;
				GCC_WARN_UNUSED_VARIABLE = YES;
				IPHONEOS_DEPLOYMENT_TARGET = 4.2;
				SDKROOT = iphoneos;
			};
			name = Debug;
		};
		CDCD9C7C1326214D007B1F15 /* Release */ = {
			isa = XCBuildConfiguration;
			buildSettings = {
				ARCHS = "$(ARCHS_STANDARD_32_BIT)";
				GCC_C_LANGUAGE_STANDARD = gnu99;
				GCC_VERSION = com.apple.compilers.llvm.clang.1_0;
				GCC_WARN_ABOUT_RETURN_TYPE = YES;
				GCC_WARN_UNUSED_VARIABLE = YES;
				IPHONEOS_DEPLOYMENT_TARGET = 4.2;
				SDKROOT = iphoneos;
			};
			name = Release;
		};
		CDCD9C7E1326214D007B1F15 /* Debug */ = {
			isa = XCBuildConfiguration;
			baseConfigurationReference = CDCD9C8A1326216B007B1F15 /* StaticLibrary-iPad-Debug.xcconfig */;
			buildSettings = {
			};
			name = Debug;
		};
		CDCD9C7F1326214D007B1F15 /* Release */ = {
			isa = XCBuildConfiguration;
			baseConfigurationReference = CDCD9C8B1326216B007B1F15 /* StaticLibrary-iPad-Release.xcconfig */;
			buildSettings = {
			};
			name = Release;
		};
/* End XCBuildConfiguration section */

/* Begin XCConfigurationList section */
		CDCD9C6D1326214D007B1F15 /* Build configuration list for PBXProject "ECUIKit" */ = {
			isa = XCConfigurationList;
			buildConfigurations = (
				CDCD9C7B1326214D007B1F15 /* Debug */,
				CDCD9C7C1326214D007B1F15 /* Release */,
			);
			defaultConfigurationIsVisible = 0;
			defaultConfigurationName = Release;
		};
		CDCD9C7D1326214D007B1F15 /* Build configuration list for PBXNativeTarget "ECUIKit" */ = {
			isa = XCConfigurationList;
			buildConfigurations = (
				CDCD9C7E1326214D007B1F15 /* Debug */,
				CDCD9C7F1326214D007B1F15 /* Release */,
			);
			defaultConfigurationIsVisible = 0;
			defaultConfigurationName = Release;
		};
/* End XCConfigurationList section */
	};
	rootObject = CDCD9C6A1326214D007B1F15 /* Project object */;
}
