// !$*UTF8*$!
{
	archiveVersion = 1;
	classes = {
	};
	objectVersion = 46;
	objects = {

/* Begin PBXBuildFile section */
		B71C0F0312DB60DC002843EF /* CoreText.framework in Frameworks */ = {isa = PBXBuildFile; fileRef = B71C0F0212DB60DC002843EF /* CoreText.framework */; };
		B736172E12DA112A009801D4 /* UIKit.framework in Frameworks */ = {isa = PBXBuildFile; fileRef = B736172D12DA112A009801D4 /* UIKit.framework */; };
		B736173012DA112A009801D4 /* Foundation.framework in Frameworks */ = {isa = PBXBuildFile; fileRef = B736172F12DA112A009801D4 /* Foundation.framework */; };
		B736173212DA112A009801D4 /* CoreGraphics.framework in Frameworks */ = {isa = PBXBuildFile; fileRef = B736173112DA112A009801D4 /* CoreGraphics.framework */; };
		B736173912DA112A009801D4 /* InfoPlist.strings in Resources */ = {isa = PBXBuildFile; fileRef = B736173712DA112A009801D4 /* InfoPlist.strings */; };
		B736173B12DA112A009801D4 /* edit-main.m in Sources */ = {isa = PBXBuildFile; fileRef = B736173A12DA112A009801D4 /* edit-main.m */; };
		B736173E12DA112A009801D4 /* editAppDelegate.m in Sources */ = {isa = PBXBuildFile; fileRef = B736173D12DA112A009801D4 /* editAppDelegate.m */; };
		B736174312DA112A009801D4 /* MainWindow.xib in Resources */ = {isa = PBXBuildFile; fileRef = B736174112DA112A009801D4 /* MainWindow.xib */; };
		B7BD531F12DF1CDB003B83B3 /* QuartzCore.framework in Frameworks */ = {isa = PBXBuildFile; fileRef = B7BD531E12DF1CDB003B83B3 /* QuartzCore.framework */; };
		CD0D843A12E9A865005DB220 /* ECCodeViewController.m in Sources */ = {isa = PBXBuildFile; fileRef = CD0D843912E9A865005DB220 /* ECCodeViewController.m */; };
		CDA00C7713261AEE00DDB649 /* OUIRectangularOverlayArrow.png in Resources */ = {isa = PBXBuildFile; fileRef = CDA00C6F13261AEE00DDB649 /* OUIRectangularOverlayArrow.png */; };
		CDA00C7813261AEE00DDB649 /* OUIRectangularOverlayFrame.png in Resources */ = {isa = PBXBuildFile; fileRef = CDA00C7013261AEE00DDB649 /* OUIRectangularOverlayFrame.png */; };
		CDA00C7913261AEE00DDB649 /* OUIShadowBorderBottom.png in Resources */ = {isa = PBXBuildFile; fileRef = CDA00C7113261AEE00DDB649 /* OUIShadowBorderBottom.png */; };
		CDA00C7A13261AEE00DDB649 /* OUIShadowBorderLeft.png in Resources */ = {isa = PBXBuildFile; fileRef = CDA00C7213261AEE00DDB649 /* OUIShadowBorderLeft.png */; };
		CDA00C7B13261AEE00DDB649 /* OUIShadowBorderRight.png in Resources */ = {isa = PBXBuildFile; fileRef = CDA00C7313261AEE00DDB649 /* OUIShadowBorderRight.png */; };
		CDA00C7C13261AEE00DDB649 /* OUIShadowBorderTop.png in Resources */ = {isa = PBXBuildFile; fileRef = CDA00C7413261AEE00DDB649 /* OUIShadowBorderTop.png */; };
		CDA00C7D13261AEE00DDB649 /* OUITextSelectionHandle.png in Resources */ = {isa = PBXBuildFile; fileRef = CDA00C7513261AEE00DDB649 /* OUITextSelectionHandle.png */; };
		CDA00C7E13261AEE00DDB649 /* OUITextSelectionOverlay.png in Resources */ = {isa = PBXBuildFile; fileRef = CDA00C7613261AEE00DDB649 /* OUITextSelectionOverlay.png */; };
		CDCD9CDF13262BD6007B1F15 /* libECUIKit.a in Frameworks */ = {isa = PBXBuildFile; fileRef = CDCD9CDE13262BD6007B1F15 /* libECUIKit.a */; };
/* End PBXBuildFile section */

/* Begin PBXFileReference section */
		B71C0F0212DB60DC002843EF /* CoreText.framework */ = {isa = PBXFileReference; lastKnownFileType = wrapper.framework; name = CoreText.framework; path = System/Library/Frameworks/CoreText.framework; sourceTree = SDKROOT; };
		B736172D12DA112A009801D4 /* UIKit.framework */ = {isa = PBXFileReference; lastKnownFileType = wrapper.framework; name = UIKit.framework; path = System/Library/Frameworks/UIKit.framework; sourceTree = SDKROOT; };
		B736172F12DA112A009801D4 /* Foundation.framework */ = {isa = PBXFileReference; lastKnownFileType = wrapper.framework; name = Foundation.framework; path = System/Library/Frameworks/Foundation.framework; sourceTree = SDKROOT; };
		B736173112DA112A009801D4 /* CoreGraphics.framework */ = {isa = PBXFileReference; lastKnownFileType = wrapper.framework; name = CoreGraphics.framework; path = System/Library/Frameworks/CoreGraphics.framework; sourceTree = SDKROOT; };
		B736173512DA112A009801D4 /* edit-Info.plist */ = {isa = PBXFileReference; lastKnownFileType = text.plist.xml; path = "edit-Info.plist"; sourceTree = "<group>"; };
		B736173812DA112A009801D4 /* en */ = {isa = PBXFileReference; lastKnownFileType = text.plist.strings; name = en; path = en.lproj/InfoPlist.strings; sourceTree = "<group>"; };
		B736173A12DA112A009801D4 /* edit-main.m */ = {isa = PBXFileReference; lastKnownFileType = sourcecode.c.objc; path = "edit-main.m"; sourceTree = "<group>"; };
		B736173C12DA112A009801D4 /* editAppDelegate.h */ = {isa = PBXFileReference; lastKnownFileType = sourcecode.c.h; path = editAppDelegate.h; sourceTree = "<group>"; };
		B736173D12DA112A009801D4 /* editAppDelegate.m */ = {isa = PBXFileReference; lastKnownFileType = sourcecode.c.objc; path = editAppDelegate.m; sourceTree = "<group>"; };
		B736174212DA112A009801D4 /* en */ = {isa = PBXFileReference; lastKnownFileType = file.xib; name = en; path = en.lproj/MainWindow.xib; sourceTree = "<group>"; };
		B7BD531E12DF1CDB003B83B3 /* QuartzCore.framework */ = {isa = PBXFileReference; lastKnownFileType = wrapper.framework; name = QuartzCore.framework; path = System/Library/Frameworks/QuartzCore.framework; sourceTree = SDKROOT; };
		CD0D843812E9A865005DB220 /* ECCodeViewController.h */ = {isa = PBXFileReference; fileEncoding = 4; lastKnownFileType = sourcecode.c.h; path = ECCodeViewController.h; sourceTree = "<group>"; };
		CD0D843912E9A865005DB220 /* ECCodeViewController.m */ = {isa = PBXFileReference; fileEncoding = 4; lastKnownFileType = sourcecode.c.objc; path = ECCodeViewController.m; sourceTree = "<group>"; };
		CDA00C6F13261AEE00DDB649 /* OUIRectangularOverlayArrow.png */ = {isa = PBXFileReference; lastKnownFileType = image.png; name = OUIRectangularOverlayArrow.png; path = Resources/Images/OUIRectangularOverlayArrow.png; sourceTree = SOURCE_ROOT; };
		CDA00C7013261AEE00DDB649 /* OUIRectangularOverlayFrame.png */ = {isa = PBXFileReference; lastKnownFileType = image.png; name = OUIRectangularOverlayFrame.png; path = Resources/Images/OUIRectangularOverlayFrame.png; sourceTree = SOURCE_ROOT; };
		CDA00C7113261AEE00DDB649 /* OUIShadowBorderBottom.png */ = {isa = PBXFileReference; lastKnownFileType = image.png; name = OUIShadowBorderBottom.png; path = Resources/Images/OUIShadowBorderBottom.png; sourceTree = SOURCE_ROOT; };
		CDA00C7213261AEE00DDB649 /* OUIShadowBorderLeft.png */ = {isa = PBXFileReference; lastKnownFileType = image.png; name = OUIShadowBorderLeft.png; path = Resources/Images/OUIShadowBorderLeft.png; sourceTree = SOURCE_ROOT; };
		CDA00C7313261AEE00DDB649 /* OUIShadowBorderRight.png */ = {isa = PBXFileReference; lastKnownFileType = image.png; name = OUIShadowBorderRight.png; path = Resources/Images/OUIShadowBorderRight.png; sourceTree = SOURCE_ROOT; };
		CDA00C7413261AEE00DDB649 /* OUIShadowBorderTop.png */ = {isa = PBXFileReference; lastKnownFileType = image.png; name = OUIShadowBorderTop.png; path = Resources/Images/OUIShadowBorderTop.png; sourceTree = SOURCE_ROOT; };
		CDA00C7513261AEE00DDB649 /* OUITextSelectionHandle.png */ = {isa = PBXFileReference; lastKnownFileType = image.png; name = OUITextSelectionHandle.png; path = Resources/Images/OUITextSelectionHandle.png; sourceTree = SOURCE_ROOT; };
		CDA00C7613261AEE00DDB649 /* OUITextSelectionOverlay.png */ = {isa = PBXFileReference; lastKnownFileType = image.png; name = OUITextSelectionOverlay.png; path = Resources/Images/OUITextSelectionOverlay.png; sourceTree = SOURCE_ROOT; };
		CDCD9CA013262677007B1F15 /* edit.app */ = {isa = PBXFileReference; explicitFileType = wrapper.application; includeInIndex = 0; path = edit.app; sourceTree = BUILT_PRODUCTS_DIR; };
		CDCD9CDE13262BD6007B1F15 /* libECUIKit.a */ = {isa = PBXFileReference; lastKnownFileType = archive.ar; name = libECUIKit.a; path = "../../../../../Library/Developer/Xcode/DerivedData/build/Products/Debug-iphonesimulator/libECUIKit.a"; sourceTree = "<group>"; };
		CDF4272D13261BD3003443F2 /* Application-iPad-Debug.xcconfig */ = {isa = PBXFileReference; fileEncoding = 4; lastKnownFileType = text.xcconfig; path = "Application-iPad-Debug.xcconfig"; sourceTree = "<group>"; };
		CDF4272E13261BD3003443F2 /* Application-iPad-Release.xcconfig */ = {isa = PBXFileReference; fileEncoding = 4; lastKnownFileType = text.xcconfig; path = "Application-iPad-Release.xcconfig"; sourceTree = "<group>"; };
		CDF4272F13261BD3003443F2 /* Application-iPad-Test.xcconfig */ = {isa = PBXFileReference; fileEncoding = 4; lastKnownFileType = text.xcconfig; path = "Application-iPad-Test.xcconfig"; sourceTree = "<group>"; };
		CDF4273013261BD3003443F2 /* Application.xcconfig */ = {isa = PBXFileReference; fileEncoding = 4; lastKnownFileType = text.xcconfig; path = Application.xcconfig; sourceTree = "<group>"; };
		CDF4273113261BD3003443F2 /* Debug.xcconfig */ = {isa = PBXFileReference; fileEncoding = 4; lastKnownFileType = text.xcconfig; path = Debug.xcconfig; sourceTree = "<group>"; };
		CDF4273213261BD3003443F2 /* iPad.xcconfig */ = {isa = PBXFileReference; fileEncoding = 4; lastKnownFileType = text.xcconfig; path = iPad.xcconfig; sourceTree = "<group>"; };
		CDF4273313261BD3003443F2 /* Library.xcconfig */ = {isa = PBXFileReference; fileEncoding = 4; lastKnownFileType = text.xcconfig; path = Library.xcconfig; sourceTree = "<group>"; };
		CDF4273413261BD3003443F2 /* Release.xcconfig */ = {isa = PBXFileReference; fileEncoding = 4; lastKnownFileType = text.xcconfig; path = Release.xcconfig; sourceTree = "<group>"; };
		CDF4273513261BD3003443F2 /* Shared.xcconfig */ = {isa = PBXFileReference; fileEncoding = 4; lastKnownFileType = text.xcconfig; path = Shared.xcconfig; sourceTree = "<group>"; };
		CDF4273613261BD3003443F2 /* StaticLibrary-iPad-Debug.xcconfig */ = {isa = PBXFileReference; fileEncoding = 4; lastKnownFileType = text.xcconfig; path = "StaticLibrary-iPad-Debug.xcconfig"; sourceTree = "<group>"; };
		CDF4273713261BD3003443F2 /* StaticLibrary-iPad-Release.xcconfig */ = {isa = PBXFileReference; fileEncoding = 4; lastKnownFileType = text.xcconfig; path = "StaticLibrary-iPad-Release.xcconfig"; sourceTree = "<group>"; };
		CDF4273813261BD3003443F2 /* StaticLibrary-iPad-Test.xcconfig */ = {isa = PBXFileReference; fileEncoding = 4; lastKnownFileType = text.xcconfig; path = "StaticLibrary-iPad-Test.xcconfig"; sourceTree = "<group>"; };
		CDF4273913261BD3003443F2 /* StaticLibrary.xcconfig */ = {isa = PBXFileReference; fileEncoding = 4; lastKnownFileType = text.xcconfig; path = StaticLibrary.xcconfig; sourceTree = "<group>"; };
		CDF4273A13261BD3003443F2 /* Test.xcconfig */ = {isa = PBXFileReference; fileEncoding = 4; lastKnownFileType = text.xcconfig; path = Test.xcconfig; sourceTree = "<group>"; };
/* End PBXFileReference section */

/* Begin PBXFrameworksBuildPhase section */
		B736172712DA1129009801D4 /* Frameworks */ = {
			isa = PBXFrameworksBuildPhase;
			buildActionMask = 2147483647;
			files = (
				CDCD9CDF13262BD6007B1F15 /* libECUIKit.a in Frameworks */,
				B736172E12DA112A009801D4 /* UIKit.framework in Frameworks */,
				B736173012DA112A009801D4 /* Foundation.framework in Frameworks */,
				B736173212DA112A009801D4 /* CoreGraphics.framework in Frameworks */,
				B71C0F0312DB60DC002843EF /* CoreText.framework in Frameworks */,
				B7BD531F12DF1CDB003B83B3 /* QuartzCore.framework in Frameworks */,
			);
			runOnlyForDeploymentPostprocessing = 0;
		};
/* End PBXFrameworksBuildPhase section */

/* Begin PBXGroup section */
		B736171A12DA1129009801D4 = {
			isa = PBXGroup;
			children = (
				CDF4272C13261BD3003443F2 /* Config */,
				B736172212DA1129009801D4 /* Classes */,
				B736172312DA1129009801D4 /* Other Sources */,
				B736172412DA1129009801D4 /* Resources */,
				B736172512DA1129009801D4 /* Frameworks */,
				CDCD9CA21326267E007B1F15 /* Products */,
			);
			sourceTree = "<group>";
		};
		B736172212DA1129009801D4 /* Classes */ = {
			isa = PBXGroup;
			children = (
				CD0D843812E9A865005DB220 /* ECCodeViewController.h */,
				CD0D843912E9A865005DB220 /* ECCodeViewController.m */,
				B736173C12DA112A009801D4 /* editAppDelegate.h */,
				B736173D12DA112A009801D4 /* editAppDelegate.m */,
			);
			path = Classes;
			sourceTree = "<group>";
		};
		B736172312DA1129009801D4 /* Other Sources */ = {
			isa = PBXGroup;
			children = (
				B736173A12DA112A009801D4 /* edit-main.m */,
			);
			name = "Other Sources";
			sourceTree = "<group>";
		};
		B736172412DA1129009801D4 /* Resources */ = {
			isa = PBXGroup;
			children = (
				B78F093012E6344900E38985 /* Strings */,
				B7759EC112E062B5006E99E7 /* Images */,
				B736174112DA112A009801D4 /* MainWindow.xib */,
			);
			name = Resources;
			sourceTree = "<group>";
		};
		B736172512DA1129009801D4 /* Frameworks */ = {
			isa = PBXGroup;
			children = (
				CDCD9CDE13262BD6007B1F15 /* libECUIKit.a */,
				B7BD531E12DF1CDB003B83B3 /* QuartzCore.framework */,
				B71C0F0212DB60DC002843EF /* CoreText.framework */,
				B736172D12DA112A009801D4 /* UIKit.framework */,
				B736172F12DA112A009801D4 /* Foundation.framework */,
				B736173112DA112A009801D4 /* CoreGraphics.framework */,
			);
			name = Frameworks;
			sourceTree = "<group>";
		};
		B7759EC112E062B5006E99E7 /* Images */ = {
			isa = PBXGroup;
			children = (
				CDA00C6F13261AEE00DDB649 /* OUIRectangularOverlayArrow.png */,
				CDA00C7013261AEE00DDB649 /* OUIRectangularOverlayFrame.png */,
				CDA00C7113261AEE00DDB649 /* OUIShadowBorderBottom.png */,
				CDA00C7213261AEE00DDB649 /* OUIShadowBorderLeft.png */,
				CDA00C7313261AEE00DDB649 /* OUIShadowBorderRight.png */,
				CDA00C7413261AEE00DDB649 /* OUIShadowBorderTop.png */,
				CDA00C7513261AEE00DDB649 /* OUITextSelectionHandle.png */,
				CDA00C7613261AEE00DDB649 /* OUITextSelectionOverlay.png */,
			);
			name = Images;
			path = OmniUI/Images;
			sourceTree = "<group>";
		};
		B78F093012E6344900E38985 /* Strings */ = {
			isa = PBXGroup;
			children = (
				B736173512DA112A009801D4 /* edit-Info.plist */,
				B736173712DA112A009801D4 /* InfoPlist.strings */,
			);
			name = Strings;
			sourceTree = "<group>";
		};
		CDCD9CA21326267E007B1F15 /* Products */ = {
			isa = PBXGroup;
			children = (
				CDCD9CA013262677007B1F15 /* edit.app */,
			);
			name = Products;
			sourceTree = "<group>";
		};
		CDF4272C13261BD3003443F2 /* Config */ = {
			isa = PBXGroup;
			children = (
				CDF4272D13261BD3003443F2 /* Application-iPad-Debug.xcconfig */,
				CDF4272E13261BD3003443F2 /* Application-iPad-Release.xcconfig */,
				CDF4272F13261BD3003443F2 /* Application-iPad-Test.xcconfig */,
				CDF4273013261BD3003443F2 /* Application.xcconfig */,
				CDF4273113261BD3003443F2 /* Debug.xcconfig */,
				CDF4273213261BD3003443F2 /* iPad.xcconfig */,
				CDF4273313261BD3003443F2 /* Library.xcconfig */,
				CDF4273413261BD3003443F2 /* Release.xcconfig */,
				CDF4273513261BD3003443F2 /* Shared.xcconfig */,
				CDF4273613261BD3003443F2 /* StaticLibrary-iPad-Debug.xcconfig */,
				CDF4273713261BD3003443F2 /* StaticLibrary-iPad-Release.xcconfig */,
				CDF4273813261BD3003443F2 /* StaticLibrary-iPad-Test.xcconfig */,
				CDF4273913261BD3003443F2 /* StaticLibrary.xcconfig */,
				CDF4273A13261BD3003443F2 /* Test.xcconfig */,
			);
			name = Config;
			path = ../../Config;
			sourceTree = "<group>";
		};
/* End PBXGroup section */

/* Begin PBXNativeTarget section */
		B736172912DA1129009801D4 /* edit */ = {
			isa = PBXNativeTarget;
			buildConfigurationList = B736175A12DA112B009801D4 /* Build configuration list for PBXNativeTarget "edit" */;
			buildPhases = (
				B736172612DA1129009801D4 /* Sources */,
				B736172712DA1129009801D4 /* Frameworks */,
				B736172812DA1129009801D4 /* Resources */,
			);
			buildRules = (
			);
			dependencies = (
			);
			name = edit;
			productName = edit;
			productReference = CDCD9CA013262677007B1F15 /* edit.app */;
			productType = "com.apple.product-type.application";
		};
/* End PBXNativeTarget section */

/* Begin PBXProject section */
		B736171C12DA1129009801D4 /* Project object */ = {
			isa = PBXProject;
			buildConfigurationList = B736171F12DA1129009801D4 /* Build configuration list for PBXProject "edit" */;
			compatibilityVersion = "Xcode 3.2";
			developmentRegion = English;
			hasScannedForEncodings = 0;
			knownRegions = (
				en,
			);
			mainGroup = B736171A12DA1129009801D4;
			productRefGroup = B736171A12DA1129009801D4;
			projectDirPath = "";
			projectRoot = "";
			targets = (
				B736172912DA1129009801D4 /* edit */,
			);
		};
/* End PBXProject section */

/* Begin PBXResourcesBuildPhase section */
		B736172812DA1129009801D4 /* Resources */ = {
			isa = PBXResourcesBuildPhase;
			buildActionMask = 2147483647;
			files = (
				B736173912DA112A009801D4 /* InfoPlist.strings in Resources */,
				B736174312DA112A009801D4 /* MainWindow.xib in Resources */,
				CDA00C7713261AEE00DDB649 /* OUIRectangularOverlayArrow.png in Resources */,
				CDA00C7813261AEE00DDB649 /* OUIRectangularOverlayFrame.png in Resources */,
				CDA00C7913261AEE00DDB649 /* OUIShadowBorderBottom.png in Resources */,
				CDA00C7A13261AEE00DDB649 /* OUIShadowBorderLeft.png in Resources */,
				CDA00C7B13261AEE00DDB649 /* OUIShadowBorderRight.png in Resources */,
				CDA00C7C13261AEE00DDB649 /* OUIShadowBorderTop.png in Resources */,
				CDA00C7D13261AEE00DDB649 /* OUITextSelectionHandle.png in Resources */,
				CDA00C7E13261AEE00DDB649 /* OUITextSelectionOverlay.png in Resources */,
			);
			runOnlyForDeploymentPostprocessing = 0;
		};
/* End PBXResourcesBuildPhase section */

/* Begin PBXSourcesBuildPhase section */
		B736172612DA1129009801D4 /* Sources */ = {
			isa = PBXSourcesBuildPhase;
			buildActionMask = 2147483647;
			files = (
				B736173B12DA112A009801D4 /* edit-main.m in Sources */,
				B736173E12DA112A009801D4 /* editAppDelegate.m in Sources */,
				CD0D843A12E9A865005DB220 /* ECCodeViewController.m in Sources */,
			);
			runOnlyForDeploymentPostprocessing = 0;
		};
/* End PBXSourcesBuildPhase section */

/* Begin PBXVariantGroup section */
		B736173712DA112A009801D4 /* InfoPlist.strings */ = {
			isa = PBXVariantGroup;
			children = (
				B736173812DA112A009801D4 /* en */,
			);
			name = InfoPlist.strings;
			sourceTree = "<group>";
		};
		B736174112DA112A009801D4 /* MainWindow.xib */ = {
			isa = PBXVariantGroup;
			children = (
				B736174212DA112A009801D4 /* en */,
			);
			name = MainWindow.xib;
			sourceTree = "<group>";
		};
/* End PBXVariantGroup section */

/* Begin XCBuildConfiguration section */
		B736175612DA112B009801D4 /* Debug */ = {
			isa = XCBuildConfiguration;
			buildSettings = {
				ARCHS = "$(ARCHS_UNIVERSAL_IPHONE_OS)";
				"CODE_SIGN_IDENTITY[sdk=iphoneos*]" = "iPhone Developer";
				GCC_C_LANGUAGE_STANDARD = gnu99;
				GCC_OPTIMIZATION_LEVEL = 0;
				GCC_PREPROCESSOR_DEFINITIONS = DEBUG;
				GCC_VERSION = com.apple.compilers.llvm.clang.1_0;
				GCC_WARN_ABOUT_RETURN_TYPE = YES;
				GCC_WARN_UNUSED_VARIABLE = YES;
				IPHONEOS_DEPLOYMENT_TARGET = 4.2;
				PREBINDING = NO;
				SDKROOT = iphoneos;
				TARGETED_DEVICE_FAMILY = 2;
			};
			name = Debug;
		};
		B736175712DA112B009801D4 /* Release */ = {
			isa = XCBuildConfiguration;
			buildSettings = {
				ARCHS = "$(ARCHS_UNIVERSAL_IPHONE_OS)";
				"CODE_SIGN_IDENTITY[sdk=iphoneos*]" = "iPhone Developer";
				GCC_C_LANGUAGE_STANDARD = gnu99;
				GCC_VERSION = com.apple.compilers.llvm.clang.1_0;
				GCC_WARN_ABOUT_RETURN_TYPE = YES;
				GCC_WARN_UNUSED_VARIABLE = YES;
				IPHONEOS_DEPLOYMENT_TARGET = 4.2;
				OTHER_CFLAGS = "-DNS_BLOCK_ASSERTIONS=1";
				PREBINDING = NO;
				SDKROOT = iphoneos;
				TARGETED_DEVICE_FAMILY = 2;
			};
			name = Release;
		};
		B736175812DA112B009801D4 /* Debug */ = {
			isa = XCBuildConfiguration;
			buildSettings = {
			};
			name = Debug;
		};
		B736175912DA112B009801D4 /* Release */ = {
			isa = XCBuildConfiguration;
			buildSettings = {
			};
			name = Release;
		};
		B736175B12DA112B009801D4 /* Debug */ = {
			isa = XCBuildConfiguration;
			baseConfigurationReference = CDF4272D13261BD3003443F2 /* Application-iPad-Debug.xcconfig */;
			buildSettings = {
				GCC_WARN_STRICT_SELECTOR_MATCH = YES;
				INFOPLIST_FILE = "edit-Info.plist";
			};
			name = Debug;
		};
		B736175C12DA112B009801D4 /* Release */ = {
			isa = XCBuildConfiguration;
			baseConfigurationReference = CDF4272E13261BD3003443F2 /* Application-iPad-Release.xcconfig */;
			buildSettings = {
				GCC_WARN_STRICT_SELECTOR_MATCH = YES;
				INFOPLIST_FILE = "edit-Info.plist";
			};
			name = Release;
		};
/* End XCBuildConfiguration section */

/* Begin XCConfigurationList section */
		B736171F12DA1129009801D4 /* Build configuration list for PBXProject "edit" */ = {
			isa = XCConfigurationList;
			buildConfigurations = (
				B736175612DA112B009801D4 /* Debug */,
				B736175712DA112B009801D4 /* Release */,
				B736175812DA112B009801D4 /* Debug */,
				B736175912DA112B009801D4 /* Release */,
			);
			defaultConfigurationIsVisible = 0;
			defaultConfigurationName = Release;
		};
		B736175A12DA112B009801D4 /* Build configuration list for PBXNativeTarget "edit" */ = {
			isa = XCConfigurationList;
			buildConfigurations = (
				B736175B12DA112B009801D4 /* Debug */,
				B736175C12DA112B009801D4 /* Release */,
			);
			defaultConfigurationIsVisible = 0;
			defaultConfigurationName = Release;
		};
/* End XCConfigurationList section */
	};
	rootObject = B736171C12DA1129009801D4 /* Project object */;
}
